
Microsoft Visual Studio Solution File, Format Version 12.00
# Visual Studio Version 17
VisualStudioVersion = 17.10.35013.160
MinimumVisualStudioVersion = 10.0.40219.1
Project("{FAE04EC0-301F-11D3-BF4B-00C04F79EFBC}") = "Problema1_6", "Problema1_6\Problema1_6.csproj", "{F063E09F-0D91-4683-A5E2-C91003938FB7}"
EndProject
Global
	GlobalSection(SolutionConfigurationPlatforms) = preSolution
		Debug|Any CPU = Debug|Any CPU
		Release|Any CPU = Release|Any CPU
	EndGlobalSection
	GlobalSection(ProjectConfigurationPlatforms) = postSolution
		{F063E09F-0D91-4683-A5E2-C91003938FB7}.Debug|Any CPU.ActiveCfg = Debug|Any CPU
		{F063E09F-0D91-4683-A5E2-C91003938FB7}.Debug|Any CPU.Build.0 = Debug|Any CPU
		{F063E09F-0D91-4683-A5E2-C91003938FB7}.Release|Any CPU.ActiveCfg = Release|Any CPU
		{F063E09F-0D91-4683-A5E2-C91003938FB7}.Release|Any CPU.Build.0 = Release|Any CPU
	EndGlobalSection
	GlobalSection(SolutionProperties) = preSolution
		HideSolutionNode = FALSE
	EndGlobalSection
	GlobalSection(ExtensibilityGlobals) = postSolution
		SolutionGuid = {8F5C5CD8-21BD-4594-98C5-F29DE0C44B82}
	EndGlobalSection
EndGlobal
