
Microsoft Visual Studio Solution File, Format Version 12.00
# Visual Studio Version 17
VisualStudioVersion = 17.11.35222.181
MinimumVisualStudioVersion = 10.0.40219.1
Project("{FAE04EC0-301F-11D3-BF4B-00C04F79EFBC}") = "Practico04", "Practico04\Practico04.csproj", "{B130BF61-5A94-4BF6-827F-3979576F69B1}"
EndProject
Project("{FAE04EC0-301F-11D3-BF4B-00C04F79EFBC}") = "BackPractico04", "BackPractico04\BackPractico04.csproj", "{4E6D6B27-1C11-4BB2-A2A2-7A84FCB888B7}"
EndProject
Global
	GlobalSection(SolutionConfigurationPlatforms) = preSolution
		Debug|Any CPU = Debug|Any CPU
		Release|Any CPU = Release|Any CPU
	EndGlobalSection
	GlobalSection(ProjectConfigurationPlatforms) = postSolution
		{B130BF61-5A94-4BF6-827F-3979576F69B1}.Debug|Any CPU.ActiveCfg = Debug|Any CPU
		{B130BF61-5A94-4BF6-827F-3979576F69B1}.Debug|Any CPU.Build.0 = Debug|Any CPU
		{B130BF61-5A94-4BF6-827F-3979576F69B1}.Release|Any CPU.ActiveCfg = Release|Any CPU
		{B130BF61-5A94-4BF6-827F-3979576F69B1}.Release|Any CPU.Build.0 = Release|Any CPU
		{4E6D6B27-1C11-4BB2-A2A2-7A84FCB888B7}.Debug|Any CPU.ActiveCfg = Debug|Any CPU
		{4E6D6B27-1C11-4BB2-A2A2-7A84FCB888B7}.Debug|Any CPU.Build.0 = Debug|Any CPU
		{4E6D6B27-1C11-4BB2-A2A2-7A84FCB888B7}.Release|Any CPU.ActiveCfg = Release|Any CPU
		{4E6D6B27-1C11-4BB2-A2A2-7A84FCB888B7}.Release|Any CPU.Build.0 = Release|Any CPU
	EndGlobalSection
	GlobalSection(SolutionProperties) = preSolution
		HideSolutionNode = FALSE
	EndGlobalSection
	GlobalSection(ExtensibilityGlobals) = postSolution
		SolutionGuid = {BD0C202A-6893-4689-85B6-C5F1A0FC7F8A}
	EndGlobalSection
EndGlobal
