
Microsoft Visual Studio Solution File, Format Version 12.00
# Visual Studio Version 17
VisualStudioVersion = 17.10.35013.160
MinimumVisualStudioVersion = 10.0.40219.1
Project("{FAE04EC0-301F-11D3-BF4B-00C04F79EFBC}") = "RepositoryExample", "RepositoryExample\RepositoryExample.csproj", "{A64D810B-E938-4E9B-9AB8-8172F5C7990F}"
EndProject
Global
	GlobalSection(SolutionConfigurationPlatforms) = preSolution
		Debug|Any CPU = Debug|Any CPU
		Release|Any CPU = Release|Any CPU
	EndGlobalSection
	GlobalSection(ProjectConfigurationPlatforms) = postSolution
		{A64D810B-E938-4E9B-9AB8-8172F5C7990F}.Debug|Any CPU.ActiveCfg = Debug|Any CPU
		{A64D810B-E938-4E9B-9AB8-8172F5C7990F}.Debug|Any CPU.Build.0 = Debug|Any CPU
		{A64D810B-E938-4E9B-9AB8-8172F5C7990F}.Release|Any CPU.ActiveCfg = Release|Any CPU
		{A64D810B-E938-4E9B-9AB8-8172F5C7990F}.Release|Any CPU.Build.0 = Release|Any CPU
	EndGlobalSection
	GlobalSection(SolutionProperties) = preSolution
		HideSolutionNode = FALSE
	EndGlobalSection
	GlobalSection(ExtensibilityGlobals) = postSolution
		SolutionGuid = {E8E9D180-AD27-465F-AAA3-C99A648C6750}
	EndGlobalSection
EndGlobal
