
Microsoft Visual Studio Solution File, Format Version 12.00
# Visual Studio Version 17
VisualStudioVersion = 17.11.35222.181
MinimumVisualStudioVersion = 10.0.40219.1
Project("{9A19103F-16F7-4668-BE54-9A1E7A4F7556}") = "Practico02WebApi", "Practico02\Practico02WebApi.csproj", "{8298B2D3-E377-49AE-90D8-5B4AA0A91437}"
EndProject
Project("{FAE04EC0-301F-11D3-BF4B-00C04F79EFBC}") = "Practico02_Back", "Practico02_Back\Practico02_Back.csproj", "{BDD25492-8CB9-485B-8EB7-8FD07897B63D}"
EndProject
Global
	GlobalSection(SolutionConfigurationPlatforms) = preSolution
		Debug|Any CPU = Debug|Any CPU
		Release|Any CPU = Release|Any CPU
	EndGlobalSection
	GlobalSection(ProjectConfigurationPlatforms) = postSolution
		{8298B2D3-E377-49AE-90D8-5B4AA0A91437}.Debug|Any CPU.ActiveCfg = Debug|Any CPU
		{8298B2D3-E377-49AE-90D8-5B4AA0A91437}.Debug|Any CPU.Build.0 = Debug|Any CPU
		{8298B2D3-E377-49AE-90D8-5B4AA0A91437}.Release|Any CPU.ActiveCfg = Release|Any CPU
		{8298B2D3-E377-49AE-90D8-5B4AA0A91437}.Release|Any CPU.Build.0 = Release|Any CPU
		{BDD25492-8CB9-485B-8EB7-8FD07897B63D}.Debug|Any CPU.ActiveCfg = Debug|Any CPU
		{BDD25492-8CB9-485B-8EB7-8FD07897B63D}.Debug|Any CPU.Build.0 = Debug|Any CPU
		{BDD25492-8CB9-485B-8EB7-8FD07897B63D}.Release|Any CPU.ActiveCfg = Release|Any CPU
		{BDD25492-8CB9-485B-8EB7-8FD07897B63D}.Release|Any CPU.Build.0 = Release|Any CPU
	EndGlobalSection
	GlobalSection(SolutionProperties) = preSolution
		HideSolutionNode = FALSE
	EndGlobalSection
	GlobalSection(ExtensibilityGlobals) = postSolution
		SolutionGuid = {0DAC99C6-5D76-44A7-9CF5-063637F4EFD6}
	EndGlobalSection
EndGlobal
